
Microsoft Visual Studio Solution File, Format Version 12.00
# Visual Studio Version 17
VisualStudioVersion = 17.3.32901.215
MinimumVisualStudioVersion = 10.0.40219.1
Project("{9A19103F-16F7-4668-BE54-9A1E7A4F7556}") = "z1", "z1\z1.csproj", "{66BA3D25-8BDC-4C7A-ABE6-5F9174F4ADCD}"
EndProject
Project("{FAE04EC0-301F-11D3-BF4B-00C04F79EFBC}") = "z2", "z2\z2.csproj", "{60A21D29-E1E4-46D8-BEDB-F7FD24B4A559}"
EndProject
Global
	GlobalSection(SolutionConfigurationPlatforms) = preSolution
		Debug|Any CPU = Debug|Any CPU
		Release|Any CPU = Release|Any CPU
	EndGlobalSection
	GlobalSection(ProjectConfigurationPlatforms) = postSolution
		{66BA3D25-8BDC-4C7A-ABE6-5F9174F4ADCD}.Debug|Any CPU.ActiveCfg = Debug|Any CPU
		{66BA3D25-8BDC-4C7A-ABE6-5F9174F4ADCD}.Debug|Any CPU.Build.0 = Debug|Any CPU
		{66BA3D25-8BDC-4C7A-ABE6-5F9174F4ADCD}.Release|Any CPU.ActiveCfg = Release|Any CPU
		{66BA3D25-8BDC-4C7A-ABE6-5F9174F4ADCD}.Release|Any CPU.Build.0 = Release|Any CPU
		{60A21D29-E1E4-46D8-BEDB-F7FD24B4A559}.Debug|Any CPU.ActiveCfg = Debug|Any CPU
		{60A21D29-E1E4-46D8-BEDB-F7FD24B4A559}.Debug|Any CPU.Build.0 = Debug|Any CPU
		{60A21D29-E1E4-46D8-BEDB-F7FD24B4A559}.Release|Any CPU.ActiveCfg = Release|Any CPU
		{60A21D29-E1E4-46D8-BEDB-F7FD24B4A559}.Release|Any CPU.Build.0 = Release|Any CPU
	EndGlobalSection
	GlobalSection(SolutionProperties) = preSolution
		HideSolutionNode = FALSE
	EndGlobalSection
	GlobalSection(ExtensibilityGlobals) = postSolution
		SolutionGuid = {C8D4CA55-40A2-4A0F-B074-BB0FAAB76F06}
	EndGlobalSection
EndGlobal
