
Microsoft Visual Studio Solution File, Format Version 12.00
# Visual Studio Version 17
VisualStudioVersion = 17.3.32901.215
MinimumVisualStudioVersion = 10.0.40219.1
Project("{9A19103F-16F7-4668-BE54-9A1E7A4F7556}") = "ConsoleApp1", "ConsoleApp1\ConsoleApp1.csproj", "{51D4CFDC-C3DB-4261-87B4-AEBAB8FF9DEF}"
EndProject
Project("{FAE04EC0-301F-11D3-BF4B-00C04F79EFBC}") = "ConsoleApp2", "ConsoleApp2\ConsoleApp2.csproj", "{F053F227-70DB-47D1-A692-52B57A3EE31A}"
EndProject
Global
	GlobalSection(SolutionConfigurationPlatforms) = preSolution
		Debug|Any CPU = Debug|Any CPU
		Release|Any CPU = Release|Any CPU
	EndGlobalSection
	GlobalSection(ProjectConfigurationPlatforms) = postSolution
		{51D4CFDC-C3DB-4261-87B4-AEBAB8FF9DEF}.Debug|Any CPU.ActiveCfg = Debug|Any CPU
		{51D4CFDC-C3DB-4261-87B4-AEBAB8FF9DEF}.Debug|Any CPU.Build.0 = Debug|Any CPU
		{51D4CFDC-C3DB-4261-87B4-AEBAB8FF9DEF}.Release|Any CPU.ActiveCfg = Release|Any CPU
		{51D4CFDC-C3DB-4261-87B4-AEBAB8FF9DEF}.Release|Any CPU.Build.0 = Release|Any CPU
		{F053F227-70DB-47D1-A692-52B57A3EE31A}.Debug|Any CPU.ActiveCfg = Debug|Any CPU
		{F053F227-70DB-47D1-A692-52B57A3EE31A}.Debug|Any CPU.Build.0 = Debug|Any CPU
		{F053F227-70DB-47D1-A692-52B57A3EE31A}.Release|Any CPU.ActiveCfg = Release|Any CPU
		{F053F227-70DB-47D1-A692-52B57A3EE31A}.Release|Any CPU.Build.0 = Release|Any CPU
	EndGlobalSection
	GlobalSection(SolutionProperties) = preSolution
		HideSolutionNode = FALSE
	EndGlobalSection
	GlobalSection(ExtensibilityGlobals) = postSolution
		SolutionGuid = {559D6A1F-9D33-4BA5-A732-0DBA5F6557F2}
	EndGlobalSection
EndGlobal
