
Microsoft Visual Studio Solution File, Format Version 12.00
# Visual Studio Version 17
VisualStudioVersion = 17.3.32901.215
MinimumVisualStudioVersion = 10.0.40219.1
Project("{FAE04EC0-301F-11D3-BF4B-00C04F79EFBC}") = "z1", "z1\z1.csproj", "{B5A02671-881F-4C9A-BB7B-159E21DE356F}"
EndProject
Project("{FAE04EC0-301F-11D3-BF4B-00C04F79EFBC}") = "z2", "z2\z2.csproj", "{1F3A1CB7-3980-40BF-9B09-6CAD6E819113}"
EndProject
Global
	GlobalSection(SolutionConfigurationPlatforms) = preSolution
		Debug|Any CPU = Debug|Any CPU
		Release|Any CPU = Release|Any CPU
	EndGlobalSection
	GlobalSection(ProjectConfigurationPlatforms) = postSolution
		{B5A02671-881F-4C9A-BB7B-159E21DE356F}.Debug|Any CPU.ActiveCfg = Debug|Any CPU
		{B5A02671-881F-4C9A-BB7B-159E21DE356F}.Debug|Any CPU.Build.0 = Debug|Any CPU
		{B5A02671-881F-4C9A-BB7B-159E21DE356F}.Release|Any CPU.ActiveCfg = Release|Any CPU
		{B5A02671-881F-4C9A-BB7B-159E21DE356F}.Release|Any CPU.Build.0 = Release|Any CPU
		{1F3A1CB7-3980-40BF-9B09-6CAD6E819113}.Debug|Any CPU.ActiveCfg = Debug|Any CPU
		{1F3A1CB7-3980-40BF-9B09-6CAD6E819113}.Debug|Any CPU.Build.0 = Debug|Any CPU
		{1F3A1CB7-3980-40BF-9B09-6CAD6E819113}.Release|Any CPU.ActiveCfg = Release|Any CPU
		{1F3A1CB7-3980-40BF-9B09-6CAD6E819113}.Release|Any CPU.Build.0 = Release|Any CPU
	EndGlobalSection
	GlobalSection(SolutionProperties) = preSolution
		HideSolutionNode = FALSE
	EndGlobalSection
	GlobalSection(ExtensibilityGlobals) = postSolution
		SolutionGuid = {13A6A8D1-3C89-413E-BAD0-11B7B5519D8B}
	EndGlobalSection
EndGlobal
