
Microsoft Visual Studio Solution File, Format Version 12.00
# Visual Studio Version 17
VisualStudioVersion = 17.3.32901.215
MinimumVisualStudioVersion = 10.0.40219.1
Project("{9A19103F-16F7-4668-BE54-9A1E7A4F7556}") = "z1", "z1\z1.csproj", "{F39CC42C-ECCC-429F-932F-820FDB6D75E6}"
EndProject
Project("{FAE04EC0-301F-11D3-BF4B-00C04F79EFBC}") = "z2", "z2\z2.csproj", "{88D6A368-E638-43F3-9231-D896E3E7E0EB}"
EndProject
Project("{FAE04EC0-301F-11D3-BF4B-00C04F79EFBC}") = "z3", "z3\z3.csproj", "{A9959282-230C-435D-8BC0-363AED6039CD}"
EndProject
Project("{FAE04EC0-301F-11D3-BF4B-00C04F79EFBC}") = "z4", "z4\z4.csproj", "{FD429728-3416-4761-B7F8-9266F9C8B589}"
EndProject
Global
	GlobalSection(SolutionConfigurationPlatforms) = preSolution
		Debug|Any CPU = Debug|Any CPU
		Release|Any CPU = Release|Any CPU
	EndGlobalSection
	GlobalSection(ProjectConfigurationPlatforms) = postSolution
		{F39CC42C-ECCC-429F-932F-820FDB6D75E6}.Debug|Any CPU.ActiveCfg = Debug|Any CPU
		{F39CC42C-ECCC-429F-932F-820FDB6D75E6}.Debug|Any CPU.Build.0 = Debug|Any CPU
		{F39CC42C-ECCC-429F-932F-820FDB6D75E6}.Release|Any CPU.ActiveCfg = Release|Any CPU
		{F39CC42C-ECCC-429F-932F-820FDB6D75E6}.Release|Any CPU.Build.0 = Release|Any CPU
		{88D6A368-E638-43F3-9231-D896E3E7E0EB}.Debug|Any CPU.ActiveCfg = Debug|Any CPU
		{88D6A368-E638-43F3-9231-D896E3E7E0EB}.Debug|Any CPU.Build.0 = Debug|Any CPU
		{88D6A368-E638-43F3-9231-D896E3E7E0EB}.Release|Any CPU.ActiveCfg = Release|Any CPU
		{88D6A368-E638-43F3-9231-D896E3E7E0EB}.Release|Any CPU.Build.0 = Release|Any CPU
		{A9959282-230C-435D-8BC0-363AED6039CD}.Debug|Any CPU.ActiveCfg = Debug|Any CPU
		{A9959282-230C-435D-8BC0-363AED6039CD}.Debug|Any CPU.Build.0 = Debug|Any CPU
		{A9959282-230C-435D-8BC0-363AED6039CD}.Release|Any CPU.ActiveCfg = Release|Any CPU
		{A9959282-230C-435D-8BC0-363AED6039CD}.Release|Any CPU.Build.0 = Release|Any CPU
		{FD429728-3416-4761-B7F8-9266F9C8B589}.Debug|Any CPU.ActiveCfg = Debug|Any CPU
		{FD429728-3416-4761-B7F8-9266F9C8B589}.Debug|Any CPU.Build.0 = Debug|Any CPU
		{FD429728-3416-4761-B7F8-9266F9C8B589}.Release|Any CPU.ActiveCfg = Release|Any CPU
		{FD429728-3416-4761-B7F8-9266F9C8B589}.Release|Any CPU.Build.0 = Release|Any CPU
	EndGlobalSection
	GlobalSection(SolutionProperties) = preSolution
		HideSolutionNode = FALSE
	EndGlobalSection
	GlobalSection(ExtensibilityGlobals) = postSolution
		SolutionGuid = {4F378272-27BE-44C5-A995-FAB30919C7BF}
	EndGlobalSection
EndGlobal
