
Microsoft Visual Studio Solution File, Format Version 12.00
# Visual Studio Version 17
VisualStudioVersion = 17.3.32901.215
MinimumVisualStudioVersion = 10.0.40219.1
Project("{FAE04EC0-301F-11D3-BF4B-00C04F79EFBC}") = "z1", "z1\z1.csproj", "{2FA48B1F-47F4-4D4D-A90A-56ADB0B4DCFA}"
EndProject
Project("{FAE04EC0-301F-11D3-BF4B-00C04F79EFBC}") = "z2", "z2\z2.csproj", "{97D650E2-D05A-44D5-9A5D-67E6A2A12326}"
EndProject
Project("{FAE04EC0-301F-11D3-BF4B-00C04F79EFBC}") = "z3", "z3\z3.csproj", "{B1D695AD-D4C0-4BA9-BB81-8B7A4A3B1174}"
EndProject
Project("{FAE04EC0-301F-11D3-BF4B-00C04F79EFBC}") = "z4", "z4\z4.csproj", "{96FC9DAD-86A9-476F-B065-D481DE1F609E}"
EndProject
Project("{FAE04EC0-301F-11D3-BF4B-00C04F79EFBC}") = "z5", "z5\z5.csproj", "{7F745F80-5A3A-4FDA-A2F4-DC7BED17EA42}"
EndProject
Global
	GlobalSection(SolutionConfigurationPlatforms) = preSolution
		Debug|Any CPU = Debug|Any CPU
		Release|Any CPU = Release|Any CPU
	EndGlobalSection
	GlobalSection(ProjectConfigurationPlatforms) = postSolution
		{2FA48B1F-47F4-4D4D-A90A-56ADB0B4DCFA}.Debug|Any CPU.ActiveCfg = Debug|Any CPU
		{2FA48B1F-47F4-4D4D-A90A-56ADB0B4DCFA}.Debug|Any CPU.Build.0 = Debug|Any CPU
		{2FA48B1F-47F4-4D4D-A90A-56ADB0B4DCFA}.Release|Any CPU.ActiveCfg = Release|Any CPU
		{2FA48B1F-47F4-4D4D-A90A-56ADB0B4DCFA}.Release|Any CPU.Build.0 = Release|Any CPU
		{97D650E2-D05A-44D5-9A5D-67E6A2A12326}.Debug|Any CPU.ActiveCfg = Debug|Any CPU
		{97D650E2-D05A-44D5-9A5D-67E6A2A12326}.Debug|Any CPU.Build.0 = Debug|Any CPU
		{97D650E2-D05A-44D5-9A5D-67E6A2A12326}.Release|Any CPU.ActiveCfg = Release|Any CPU
		{97D650E2-D05A-44D5-9A5D-67E6A2A12326}.Release|Any CPU.Build.0 = Release|Any CPU
		{B1D695AD-D4C0-4BA9-BB81-8B7A4A3B1174}.Debug|Any CPU.ActiveCfg = Debug|Any CPU
		{B1D695AD-D4C0-4BA9-BB81-8B7A4A3B1174}.Debug|Any CPU.Build.0 = Debug|Any CPU
		{B1D695AD-D4C0-4BA9-BB81-8B7A4A3B1174}.Release|Any CPU.ActiveCfg = Release|Any CPU
		{B1D695AD-D4C0-4BA9-BB81-8B7A4A3B1174}.Release|Any CPU.Build.0 = Release|Any CPU
		{96FC9DAD-86A9-476F-B065-D481DE1F609E}.Debug|Any CPU.ActiveCfg = Debug|Any CPU
		{96FC9DAD-86A9-476F-B065-D481DE1F609E}.Debug|Any CPU.Build.0 = Debug|Any CPU
		{96FC9DAD-86A9-476F-B065-D481DE1F609E}.Release|Any CPU.ActiveCfg = Release|Any CPU
		{96FC9DAD-86A9-476F-B065-D481DE1F609E}.Release|Any CPU.Build.0 = Release|Any CPU
		{7F745F80-5A3A-4FDA-A2F4-DC7BED17EA42}.Debug|Any CPU.ActiveCfg = Debug|Any CPU
		{7F745F80-5A3A-4FDA-A2F4-DC7BED17EA42}.Debug|Any CPU.Build.0 = Debug|Any CPU
		{7F745F80-5A3A-4FDA-A2F4-DC7BED17EA42}.Release|Any CPU.ActiveCfg = Release|Any CPU
		{7F745F80-5A3A-4FDA-A2F4-DC7BED17EA42}.Release|Any CPU.Build.0 = Release|Any CPU
	EndGlobalSection
	GlobalSection(SolutionProperties) = preSolution
		HideSolutionNode = FALSE
	EndGlobalSection
	GlobalSection(ExtensibilityGlobals) = postSolution
		SolutionGuid = {8CF1C5BF-198B-4005-9585-83361930C7BA}
	EndGlobalSection
EndGlobal
