
Microsoft Visual Studio Solution File, Format Version 12.00
# Visual Studio Version 17
VisualStudioVersion = 17.3.32901.215
MinimumVisualStudioVersion = 10.0.40219.1
Project("{9A19103F-16F7-4668-BE54-9A1E7A4F7556}") = "z1", "z1\z1.csproj", "{437CFB03-2906-4D72-BB47-31E104AC0E5B}"
EndProject
Project("{9A19103F-16F7-4668-BE54-9A1E7A4F7556}") = "z2", "z2\z2.csproj", "{B2A3FB54-7D09-49A6-B94A-71690D8BCE7C}"
EndProject
Project("{9A19103F-16F7-4668-BE54-9A1E7A4F7556}") = "z3", "z3\z3.csproj", "{978BB29A-C480-4F2C-8892-5C67F4A9F30E}"
EndProject
Project("{9A19103F-16F7-4668-BE54-9A1E7A4F7556}") = "z4", "z4\z4.csproj", "{DA9F0F71-2631-4684-B786-633787D49F47}"
EndProject
Project("{9A19103F-16F7-4668-BE54-9A1E7A4F7556}") = "z6", "z6\z6.csproj", "{764387CB-E0B4-4AEF-A0D9-E57855684F8C}"
EndProject
Project("{FAE04EC0-301F-11D3-BF4B-00C04F79EFBC}") = "z5", "z5\z5.csproj", "{5E9D8F0A-3792-485F-AE63-518A294AA012}"
EndProject
Global
	GlobalSection(SolutionConfigurationPlatforms) = preSolution
		Debug|Any CPU = Debug|Any CPU
		Release|Any CPU = Release|Any CPU
	EndGlobalSection
	GlobalSection(ProjectConfigurationPlatforms) = postSolution
		{437CFB03-2906-4D72-BB47-31E104AC0E5B}.Debug|Any CPU.ActiveCfg = Debug|Any CPU
		{437CFB03-2906-4D72-BB47-31E104AC0E5B}.Debug|Any CPU.Build.0 = Debug|Any CPU
		{437CFB03-2906-4D72-BB47-31E104AC0E5B}.Release|Any CPU.ActiveCfg = Release|Any CPU
		{437CFB03-2906-4D72-BB47-31E104AC0E5B}.Release|Any CPU.Build.0 = Release|Any CPU
		{B2A3FB54-7D09-49A6-B94A-71690D8BCE7C}.Debug|Any CPU.ActiveCfg = Debug|Any CPU
		{B2A3FB54-7D09-49A6-B94A-71690D8BCE7C}.Debug|Any CPU.Build.0 = Debug|Any CPU
		{B2A3FB54-7D09-49A6-B94A-71690D8BCE7C}.Release|Any CPU.ActiveCfg = Release|Any CPU
		{B2A3FB54-7D09-49A6-B94A-71690D8BCE7C}.Release|Any CPU.Build.0 = Release|Any CPU
		{978BB29A-C480-4F2C-8892-5C67F4A9F30E}.Debug|Any CPU.ActiveCfg = Debug|Any CPU
		{978BB29A-C480-4F2C-8892-5C67F4A9F30E}.Debug|Any CPU.Build.0 = Debug|Any CPU
		{978BB29A-C480-4F2C-8892-5C67F4A9F30E}.Release|Any CPU.ActiveCfg = Release|Any CPU
		{978BB29A-C480-4F2C-8892-5C67F4A9F30E}.Release|Any CPU.Build.0 = Release|Any CPU
		{DA9F0F71-2631-4684-B786-633787D49F47}.Debug|Any CPU.ActiveCfg = Debug|Any CPU
		{DA9F0F71-2631-4684-B786-633787D49F47}.Debug|Any CPU.Build.0 = Debug|Any CPU
		{DA9F0F71-2631-4684-B786-633787D49F47}.Release|Any CPU.ActiveCfg = Release|Any CPU
		{DA9F0F71-2631-4684-B786-633787D49F47}.Release|Any CPU.Build.0 = Release|Any CPU
		{764387CB-E0B4-4AEF-A0D9-E57855684F8C}.Debug|Any CPU.ActiveCfg = Debug|Any CPU
		{764387CB-E0B4-4AEF-A0D9-E57855684F8C}.Debug|Any CPU.Build.0 = Debug|Any CPU
		{764387CB-E0B4-4AEF-A0D9-E57855684F8C}.Release|Any CPU.ActiveCfg = Release|Any CPU
		{764387CB-E0B4-4AEF-A0D9-E57855684F8C}.Release|Any CPU.Build.0 = Release|Any CPU
		{5E9D8F0A-3792-485F-AE63-518A294AA012}.Debug|Any CPU.ActiveCfg = Debug|Any CPU
		{5E9D8F0A-3792-485F-AE63-518A294AA012}.Debug|Any CPU.Build.0 = Debug|Any CPU
		{5E9D8F0A-3792-485F-AE63-518A294AA012}.Release|Any CPU.ActiveCfg = Release|Any CPU
		{5E9D8F0A-3792-485F-AE63-518A294AA012}.Release|Any CPU.Build.0 = Release|Any CPU
	EndGlobalSection
	GlobalSection(SolutionProperties) = preSolution
		HideSolutionNode = FALSE
	EndGlobalSection
	GlobalSection(ExtensibilityGlobals) = postSolution
		SolutionGuid = {12EBA9FE-CB69-4B8E-B606-3DF0EB0697C1}
	EndGlobalSection
EndGlobal
